
Microsoft Visual Studio Solution File, Format Version 12.00
# Visual Studio Version 17
VisualStudioVersion = 17.14.36109.1
MinimumVisualStudioVersion = 10.0.40219.1
Project("{FAE04EC0-301F-11D3-BF4B-00C04F79EFBC}") = "Tyuiu.NovikovD.Sprint0", "Tyuiu.NovikovD.Sprint0\Tyuiu.NovikovD.Sprint0.csproj", "{D62D71BE-B1CD-4060-BBDD-5EA25C91D570}"
EndProject
Project("{2150E333-8FDC-42A3-9474-1A3956D46DE8}") = "Task0", "Task0", "{36D591C7-65C7-A0D1-1CBC-10CDE441BDC8}"
EndProject
Project("{FAE04EC0-301F-11D3-BF4B-00C04F79EFBC}") = "Tyuiu.NovikovD.Sprint0.Task0.V0", "Tyuiu.NovikovD.Sprint0.Task0.V0\Tyuiu.NovikovD.Sprint0.Task0.V0.csproj", "{FEE59108-CEEE-4CC4-B4EB-0402BBE3AE61}"
EndProject
Project("{2150E333-8FDC-42A3-9474-1A3956D46DE8}") = "Task1", "Task1", "{3E64B9ED-078C-4854-AE1D-39AB97328A5A}"
EndProject
Project("{FAE04EC0-301F-11D3-BF4B-00C04F79EFBC}") = "Tyuiu.NovikovD.Sprint0.Task1.V1", "Tyuiu.NovikovD.Sprint0.Task1.V1\Tyuiu.NovikovD.Sprint0.Task1.V1.csproj", "{6FFDE192-4A19-492B-907E-E8FA20A6E651}"
EndProject
Project("{2150E333-8FDC-42A3-9474-1A3956D46DE8}") = "Task2", "Task2", "{555826E3-156D-405E-8C4D-C48A16B56978}"
EndProject
Project("{FAE04EC0-301F-11D3-BF4B-00C04F79EFBC}") = "Tyuiu.NovikovD.Sprint0.Task2.V0", "Tyuiu.NovikovD.Sprint0.Task2.V0\Tyuiu.NovikovD.Sprint0.Task2.V0.csproj", "{9BEF1349-0B2B-4003-9AB3-CDAF23975808}"
EndProject
Project("{FAE04EC0-301F-11D3-BF4B-00C04F79EFBC}") = "Tyuiu.NovikovD.Sprint0.Task2.V0.Lib", "Tyuiu.NovikovD.Sprint0.Task2.V0.Lib\Tyuiu.NovikovD.Sprint0.Task2.V0.Lib.csproj", "{6100AFE6-118D-4817-9077-BCEE96C53285}"
EndProject
Project("{FAE04EC0-301F-11D3-BF4B-00C04F79EFBC}") = "Tyuiu.NovikovD.Sprint0.Task2.V0.Test", "Tyuiu.NovikovD.Sprint0.Task2.V0.Test\Tyuiu.NovikovD.Sprint0.Task2.V0.Test.csproj", "{49EAD948-99DA-4C71-8D04-954051889861}"
EndProject
Project("{2150E333-8FDC-42A3-9474-1A3956D46DE8}") = "Task3", "Task3", "{3CC8328F-AC89-4C9B-8A02-AC32FA7BF7D0}"
EndProject
Project("{FAE04EC0-301F-11D3-BF4B-00C04F79EFBC}") = "Tyuiu.NovikovD.Sprint0.Task3.V0", "Tyuiu.NovikovD.Sprint0.Task3.V0\Tyuiu.NovikovD.Sprint0.Task3.V0.csproj", "{922F5800-67E1-411A-A5B7-8596230F0FC4}"
	ProjectSection(ProjectDependencies) = postProject
		{234A8590-866B-44FD-A2D1-FC485A953EB7} = {234A8590-866B-44FD-A2D1-FC485A953EB7}
	EndProjectSection
EndProject
Project("{FAE04EC0-301F-11D3-BF4B-00C04F79EFBC}") = "Tyuiu.NovikovD.Sprint0.Task3.V0.Lib", "Tyuiu.NovikovD.Sprint0.Task3.V0.Lib\Tyuiu.NovikovD.Sprint0.Task3.V0.Lib.csproj", "{234A8590-866B-44FD-A2D1-FC485A953EB7}"
EndProject
Project("{FAE04EC0-301F-11D3-BF4B-00C04F79EFBC}") = "Tyuiu.NovikovD.Sprint0.Task3.V0.Test", "Tyuiu.NovikovD.Sprint0.Task3.V0.Test\Tyuiu.NovikovD.Sprint0.Task3.V0.Test.csproj", "{C69AEC25-C469-44CC-9912-9224321AB6B7}"
EndProject
Project("{2150E333-8FDC-42A3-9474-1A3956D46DE8}") = "Task4", "Task4", "{D252A0A5-21A3-44DA-9C11-478FDB757A7B}"
EndProject
Project("{FAE04EC0-301F-11D3-BF4B-00C04F79EFBC}") = "Tyuiu.NovikovD.Sprint0.Task4.V0", "Tyuiu.NovikovD.Sprint0.Task4.V0\Tyuiu.NovikovD.Sprint0.Task4.V0.csproj", "{5662E82A-2CD2-459C-B90B-42499A7C52CA}"
EndProject
Project("{FAE04EC0-301F-11D3-BF4B-00C04F79EFBC}") = "Tyuiu.NovikovD.Sprint0.Task4.V0.Lib", "Tyuiu.NovikovD.Sprint0.Task4.V0.Lib\Tyuiu.NovikovD.Sprint0.Task4.V0.Lib.csproj", "{F1286C11-900B-4DCD-B3FA-017BA77C32BC}"
EndProject
Project("{FAE04EC0-301F-11D3-BF4B-00C04F79EFBC}") = "Tyuiu.NovikovD.Sprint0.Task4.V0.Test", "Tyuiu.NovikovD.Sprint0.Task4.V0.Test\Tyuiu.NovikovD.Sprint0.Task4.V0.Test.csproj", "{8274B6AD-738F-45AE-92A5-75C2D3EAA63B}"
EndProject
Project("{2150E333-8FDC-42A3-9474-1A3956D46DE8}") = "Task5", "Task5", "{CF83A8AB-EC8C-4FA2-9001-2BD852570BE9}"
EndProject
Project("{FAE04EC0-301F-11D3-BF4B-00C04F79EFBC}") = "Tyuiu.NovikovD.Sprint0.Task5.V0", "Tyuiu.NovikovD.Sprint0.Task5.V0\Tyuiu.NovikovD.Sprint0.Task5.V0.csproj", "{65CB5244-A00B-4F84-AEFB-2FB58E38AFCB}"
EndProject
Project("{FAE04EC0-301F-11D3-BF4B-00C04F79EFBC}") = "Tyuiu.NovikovD.Sprint0.Task5.V0.Lib", "Tyuiu.NovikovD.Sprint0.Task5.V0.Lib\Tyuiu.NovikovD.Sprint0.Task5.V0.Lib.csproj", "{E96B3160-1C79-4159-9623-02A8257FA94B}"
EndProject
Project("{FAE04EC0-301F-11D3-BF4B-00C04F79EFBC}") = "Tyuiu.NovikovD.Sprint0.Task5.V0.Test", "Tyuiu.NovikovD.Sprint0.Task5.V0.Test\Tyuiu.NovikovD.Sprint0.Task5.V0.Test.csproj", "{6793C693-5B31-4E8B-B732-8D593A6083F6}"
EndProject
Project("{2150E333-8FDC-42A3-9474-1A3956D46DE8}") = "Task6", "Task6", "{79ACB066-488C-4347-A2F4-C83AE8F3D15C}"
EndProject
Project("{FAE04EC0-301F-11D3-BF4B-00C04F79EFBC}") = "Tyuiu.NovikovD.Sprint0.Task6.V0", "Tyuiu.NovikovD.Sprint0.Task6.V0\Tyuiu.NovikovD.Sprint0.Task6.V0.csproj", "{9805F2AB-70B5-4AA3-837F-BF7231E76ACE}"
EndProject
Project("{FAE04EC0-301F-11D3-BF4B-00C04F79EFBC}") = "Tyuiu.NovikovD.Sprint0.Task6.V0.Lib", "Tyuiu.NovikovD.Sprint0.Task6.V0.Lib\Tyuiu.NovikovD.Sprint0.Task6.V0.Lib.csproj", "{6C191614-433E-4F9D-B2A4-BE4D1777ACC2}"
EndProject
Project("{FAE04EC0-301F-11D3-BF4B-00C04F79EFBC}") = "Tyuiu.NovikovD.Sprint0.Task6.V0.Test", "Tyuiu.NovikovD.Sprint0.Task6.V0.Test\Tyuiu.NovikovD.Sprint0.Task6.V0.Test.csproj", "{8115ED8D-EEE9-4D3B-9B21-F871CB41517A}"
EndProject
Global
	GlobalSection(SolutionConfigurationPlatforms) = preSolution
		Debug|Any CPU = Debug|Any CPU
		Release|Any CPU = Release|Any CPU
	EndGlobalSection
	GlobalSection(ProjectConfigurationPlatforms) = postSolution
		{D62D71BE-B1CD-4060-BBDD-5EA25C91D570}.Debug|Any CPU.ActiveCfg = Debug|Any CPU
		{D62D71BE-B1CD-4060-BBDD-5EA25C91D570}.Debug|Any CPU.Build.0 = Debug|Any CPU
		{D62D71BE-B1CD-4060-BBDD-5EA25C91D570}.Release|Any CPU.ActiveCfg = Release|Any CPU
		{D62D71BE-B1CD-4060-BBDD-5EA25C91D570}.Release|Any CPU.Build.0 = Release|Any CPU
		{FEE59108-CEEE-4CC4-B4EB-0402BBE3AE61}.Debug|Any CPU.ActiveCfg = Debug|Any CPU
		{FEE59108-CEEE-4CC4-B4EB-0402BBE3AE61}.Debug|Any CPU.Build.0 = Debug|Any CPU
		{FEE59108-CEEE-4CC4-B4EB-0402BBE3AE61}.Release|Any CPU.ActiveCfg = Release|Any CPU
		{FEE59108-CEEE-4CC4-B4EB-0402BBE3AE61}.Release|Any CPU.Build.0 = Release|Any CPU
		{6FFDE192-4A19-492B-907E-E8FA20A6E651}.Debug|Any CPU.ActiveCfg = Debug|Any CPU
		{6FFDE192-4A19-492B-907E-E8FA20A6E651}.Debug|Any CPU.Build.0 = Debug|Any CPU
		{6FFDE192-4A19-492B-907E-E8FA20A6E651}.Release|Any CPU.ActiveCfg = Release|Any CPU
		{6FFDE192-4A19-492B-907E-E8FA20A6E651}.Release|Any CPU.Build.0 = Release|Any CPU
		{9BEF1349-0B2B-4003-9AB3-CDAF23975808}.Debug|Any CPU.ActiveCfg = Debug|Any CPU
		{9BEF1349-0B2B-4003-9AB3-CDAF23975808}.Debug|Any CPU.Build.0 = Debug|Any CPU
		{9BEF1349-0B2B-4003-9AB3-CDAF23975808}.Release|Any CPU.ActiveCfg = Release|Any CPU
		{9BEF1349-0B2B-4003-9AB3-CDAF23975808}.Release|Any CPU.Build.0 = Release|Any CPU
		{6100AFE6-118D-4817-9077-BCEE96C53285}.Debug|Any CPU.ActiveCfg = Debug|Any CPU
		{6100AFE6-118D-4817-9077-BCEE96C53285}.Debug|Any CPU.Build.0 = Debug|Any CPU
		{6100AFE6-118D-4817-9077-BCEE96C53285}.Release|Any CPU.ActiveCfg = Release|Any CPU
		{6100AFE6-118D-4817-9077-BCEE96C53285}.Release|Any CPU.Build.0 = Release|Any CPU
		{49EAD948-99DA-4C71-8D04-954051889861}.Debug|Any CPU.ActiveCfg = Debug|Any CPU
		{49EAD948-99DA-4C71-8D04-954051889861}.Debug|Any CPU.Build.0 = Debug|Any CPU
		{49EAD948-99DA-4C71-8D04-954051889861}.Release|Any CPU.ActiveCfg = Release|Any CPU
		{49EAD948-99DA-4C71-8D04-954051889861}.Release|Any CPU.Build.0 = Release|Any CPU
		{922F5800-67E1-411A-A5B7-8596230F0FC4}.Debug|Any CPU.ActiveCfg = Debug|Any CPU
		{922F5800-67E1-411A-A5B7-8596230F0FC4}.Debug|Any CPU.Build.0 = Debug|Any CPU
		{922F5800-67E1-411A-A5B7-8596230F0FC4}.Release|Any CPU.ActiveCfg = Release|Any CPU
		{922F5800-67E1-411A-A5B7-8596230F0FC4}.Release|Any CPU.Build.0 = Release|Any CPU
		{234A8590-866B-44FD-A2D1-FC485A953EB7}.Debug|Any CPU.ActiveCfg = Debug|Any CPU
		{234A8590-866B-44FD-A2D1-FC485A953EB7}.Debug|Any CPU.Build.0 = Debug|Any CPU
		{234A8590-866B-44FD-A2D1-FC485A953EB7}.Release|Any CPU.ActiveCfg = Release|Any CPU
		{234A8590-866B-44FD-A2D1-FC485A953EB7}.Release|Any CPU.Build.0 = Release|Any CPU
		{C69AEC25-C469-44CC-9912-9224321AB6B7}.Debug|Any CPU.ActiveCfg = Debug|Any CPU
		{C69AEC25-C469-44CC-9912-9224321AB6B7}.Debug|Any CPU.Build.0 = Debug|Any CPU
		{C69AEC25-C469-44CC-9912-9224321AB6B7}.Release|Any CPU.ActiveCfg = Release|Any CPU
		{C69AEC25-C469-44CC-9912-9224321AB6B7}.Release|Any CPU.Build.0 = Release|Any CPU
		{5662E82A-2CD2-459C-B90B-42499A7C52CA}.Debug|Any CPU.ActiveCfg = Debug|Any CPU
		{5662E82A-2CD2-459C-B90B-42499A7C52CA}.Debug|Any CPU.Build.0 = Debug|Any CPU
		{5662E82A-2CD2-459C-B90B-42499A7C52CA}.Release|Any CPU.ActiveCfg = Release|Any CPU
		{5662E82A-2CD2-459C-B90B-42499A7C52CA}.Release|Any CPU.Build.0 = Release|Any CPU
		{F1286C11-900B-4DCD-B3FA-017BA77C32BC}.Debug|Any CPU.ActiveCfg = Debug|Any CPU
		{F1286C11-900B-4DCD-B3FA-017BA77C32BC}.Debug|Any CPU.Build.0 = Debug|Any CPU
		{F1286C11-900B-4DCD-B3FA-017BA77C32BC}.Release|Any CPU.ActiveCfg = Release|Any CPU
		{F1286C11-900B-4DCD-B3FA-017BA77C32BC}.Release|Any CPU.Build.0 = Release|Any CPU
		{8274B6AD-738F-45AE-92A5-75C2D3EAA63B}.Debug|Any CPU.ActiveCfg = Debug|Any CPU
		{8274B6AD-738F-45AE-92A5-75C2D3EAA63B}.Debug|Any CPU.Build.0 = Debug|Any CPU
		{8274B6AD-738F-45AE-92A5-75C2D3EAA63B}.Release|Any CPU.ActiveCfg = Release|Any CPU
		{8274B6AD-738F-45AE-92A5-75C2D3EAA63B}.Release|Any CPU.Build.0 = Release|Any CPU
		{65CB5244-A00B-4F84-AEFB-2FB58E38AFCB}.Debug|Any CPU.ActiveCfg = Debug|Any CPU
		{65CB5244-A00B-4F84-AEFB-2FB58E38AFCB}.Debug|Any CPU.Build.0 = Debug|Any CPU
		{65CB5244-A00B-4F84-AEFB-2FB58E38AFCB}.Release|Any CPU.ActiveCfg = Release|Any CPU
		{65CB5244-A00B-4F84-AEFB-2FB58E38AFCB}.Release|Any CPU.Build.0 = Release|Any CPU
		{E96B3160-1C79-4159-9623-02A8257FA94B}.Debug|Any CPU.ActiveCfg = Debug|Any CPU
		{E96B3160-1C79-4159-9623-02A8257FA94B}.Debug|Any CPU.Build.0 = Debug|Any CPU
		{E96B3160-1C79-4159-9623-02A8257FA94B}.Release|Any CPU.ActiveCfg = Release|Any CPU
		{E96B3160-1C79-4159-9623-02A8257FA94B}.Release|Any CPU.Build.0 = Release|Any CPU
		{6793C693-5B31-4E8B-B732-8D593A6083F6}.Debug|Any CPU.ActiveCfg = Debug|Any CPU
		{6793C693-5B31-4E8B-B732-8D593A6083F6}.Debug|Any CPU.Build.0 = Debug|Any CPU
		{6793C693-5B31-4E8B-B732-8D593A6083F6}.Release|Any CPU.ActiveCfg = Release|Any CPU
		{6793C693-5B31-4E8B-B732-8D593A6083F6}.Release|Any CPU.Build.0 = Release|Any CPU
		{9805F2AB-70B5-4AA3-837F-BF7231E76ACE}.Debug|Any CPU.ActiveCfg = Debug|Any CPU
		{9805F2AB-70B5-4AA3-837F-BF7231E76ACE}.Debug|Any CPU.Build.0 = Debug|Any CPU
		{9805F2AB-70B5-4AA3-837F-BF7231E76ACE}.Release|Any CPU.ActiveCfg = Release|Any CPU
		{9805F2AB-70B5-4AA3-837F-BF7231E76ACE}.Release|Any CPU.Build.0 = Release|Any CPU
		{6C191614-433E-4F9D-B2A4-BE4D1777ACC2}.Debug|Any CPU.ActiveCfg = Debug|Any CPU
		{6C191614-433E-4F9D-B2A4-BE4D1777ACC2}.Debug|Any CPU.Build.0 = Debug|Any CPU
		{6C191614-433E-4F9D-B2A4-BE4D1777ACC2}.Release|Any CPU.ActiveCfg = Release|Any CPU
		{6C191614-433E-4F9D-B2A4-BE4D1777ACC2}.Release|Any CPU.Build.0 = Release|Any CPU
		{8115ED8D-EEE9-4D3B-9B21-F871CB41517A}.Debug|Any CPU.ActiveCfg = Debug|Any CPU
		{8115ED8D-EEE9-4D3B-9B21-F871CB41517A}.Debug|Any CPU.Build.0 = Debug|Any CPU
		{8115ED8D-EEE9-4D3B-9B21-F871CB41517A}.Release|Any CPU.ActiveCfg = Release|Any CPU
		{8115ED8D-EEE9-4D3B-9B21-F871CB41517A}.Release|Any CPU.Build.0 = Release|Any CPU
	EndGlobalSection
	GlobalSection(SolutionProperties) = preSolution
		HideSolutionNode = FALSE
	EndGlobalSection
	GlobalSection(NestedProjects) = preSolution
		{FEE59108-CEEE-4CC4-B4EB-0402BBE3AE61} = {36D591C7-65C7-A0D1-1CBC-10CDE441BDC8}
		{6FFDE192-4A19-492B-907E-E8FA20A6E651} = {3E64B9ED-078C-4854-AE1D-39AB97328A5A}
		{9BEF1349-0B2B-4003-9AB3-CDAF23975808} = {555826E3-156D-405E-8C4D-C48A16B56978}
		{6100AFE6-118D-4817-9077-BCEE96C53285} = {555826E3-156D-405E-8C4D-C48A16B56978}
		{49EAD948-99DA-4C71-8D04-954051889861} = {555826E3-156D-405E-8C4D-C48A16B56978}
		{922F5800-67E1-411A-A5B7-8596230F0FC4} = {3CC8328F-AC89-4C9B-8A02-AC32FA7BF7D0}
		{234A8590-866B-44FD-A2D1-FC485A953EB7} = {3CC8328F-AC89-4C9B-8A02-AC32FA7BF7D0}
		{C69AEC25-C469-44CC-9912-9224321AB6B7} = {3CC8328F-AC89-4C9B-8A02-AC32FA7BF7D0}
		{5662E82A-2CD2-459C-B90B-42499A7C52CA} = {D252A0A5-21A3-44DA-9C11-478FDB757A7B}
		{F1286C11-900B-4DCD-B3FA-017BA77C32BC} = {D252A0A5-21A3-44DA-9C11-478FDB757A7B}
		{8274B6AD-738F-45AE-92A5-75C2D3EAA63B} = {D252A0A5-21A3-44DA-9C11-478FDB757A7B}
		{65CB5244-A00B-4F84-AEFB-2FB58E38AFCB} = {CF83A8AB-EC8C-4FA2-9001-2BD852570BE9}
		{E96B3160-1C79-4159-9623-02A8257FA94B} = {CF83A8AB-EC8C-4FA2-9001-2BD852570BE9}
		{6793C693-5B31-4E8B-B732-8D593A6083F6} = {CF83A8AB-EC8C-4FA2-9001-2BD852570BE9}
		{9805F2AB-70B5-4AA3-837F-BF7231E76ACE} = {79ACB066-488C-4347-A2F4-C83AE8F3D15C}
		{6C191614-433E-4F9D-B2A4-BE4D1777ACC2} = {79ACB066-488C-4347-A2F4-C83AE8F3D15C}
		{8115ED8D-EEE9-4D3B-9B21-F871CB41517A} = {79ACB066-488C-4347-A2F4-C83AE8F3D15C}
	EndGlobalSection
	GlobalSection(ExtensibilityGlobals) = postSolution
		SolutionGuid = {3F10E7A4-A5DE-4682-ABC7-64CD72705D9A}
	EndGlobalSection
EndGlobal
