
Microsoft Visual Studio Solution File, Format Version 12.00
# Visual Studio Version 17
VisualStudioVersion = 17.14.36109.1 d17.14
MinimumVisualStudioVersion = 10.0.40219.1
Project("{FAE04EC0-301F-11D3-BF4B-00C04F79EFBC}") = "Tyuiu.NovikovD.Sprint0", "Tyuiu.NovikovD.Sprint0\Tyuiu.NovikovD.Sprint0.csproj", "{D62D71BE-B1CD-4060-BBDD-5EA25C91D570}"
EndProject
Project("{2150E333-8FDC-42A3-9474-1A3956D46DE8}") = "Task0", "Task0", "{36D591C7-65C7-A0D1-1CBC-10CDE441BDC8}"
EndProject
Project("{FAE04EC0-301F-11D3-BF4B-00C04F79EFBC}") = "Tyuiu.NovikovD.Sprint0.Task0.V0", "Tyuiu.NovikovD.Sprint0.Task0.V0\Tyuiu.NovikovD.Sprint0.Task0.V0.csproj", "{FEE59108-CEEE-4CC4-B4EB-0402BBE3AE61}"
EndProject
Project("{2150E333-8FDC-42A3-9474-1A3956D46DE8}") = "Task1", "Task1", "{3E64B9ED-078C-4854-AE1D-39AB97328A5A}"
EndProject
Project("{FAE04EC0-301F-11D3-BF4B-00C04F79EFBC}") = "Tyuiu.NovikovD.Sprint0.Task1.V1", "Tyuiu.NovikovD.Sprint0.Task1.V1\Tyuiu.NovikovD.Sprint0.Task1.V1.csproj", "{6FFDE192-4A19-492B-907E-E8FA20A6E651}"
EndProject
Global
	GlobalSection(SolutionConfigurationPlatforms) = preSolution
		Debug|Any CPU = Debug|Any CPU
		Release|Any CPU = Release|Any CPU
	EndGlobalSection
	GlobalSection(ProjectConfigurationPlatforms) = postSolution
		{D62D71BE-B1CD-4060-BBDD-5EA25C91D570}.Debug|Any CPU.ActiveCfg = Debug|Any CPU
		{D62D71BE-B1CD-4060-BBDD-5EA25C91D570}.Debug|Any CPU.Build.0 = Debug|Any CPU
		{D62D71BE-B1CD-4060-BBDD-5EA25C91D570}.Release|Any CPU.ActiveCfg = Release|Any CPU
		{D62D71BE-B1CD-4060-BBDD-5EA25C91D570}.Release|Any CPU.Build.0 = Release|Any CPU
		{FEE59108-CEEE-4CC4-B4EB-0402BBE3AE61}.Debug|Any CPU.ActiveCfg = Debug|Any CPU
		{FEE59108-CEEE-4CC4-B4EB-0402BBE3AE61}.Debug|Any CPU.Build.0 = Debug|Any CPU
		{FEE59108-CEEE-4CC4-B4EB-0402BBE3AE61}.Release|Any CPU.ActiveCfg = Release|Any CPU
		{FEE59108-CEEE-4CC4-B4EB-0402BBE3AE61}.Release|Any CPU.Build.0 = Release|Any CPU
		{6FFDE192-4A19-492B-907E-E8FA20A6E651}.Debug|Any CPU.ActiveCfg = Debug|Any CPU
		{6FFDE192-4A19-492B-907E-E8FA20A6E651}.Debug|Any CPU.Build.0 = Debug|Any CPU
		{6FFDE192-4A19-492B-907E-E8FA20A6E651}.Release|Any CPU.ActiveCfg = Release|Any CPU
		{6FFDE192-4A19-492B-907E-E8FA20A6E651}.Release|Any CPU.Build.0 = Release|Any CPU
	EndGlobalSection
	GlobalSection(SolutionProperties) = preSolution
		HideSolutionNode = FALSE
	EndGlobalSection
	GlobalSection(NestedProjects) = preSolution
		{FEE59108-CEEE-4CC4-B4EB-0402BBE3AE61} = {36D591C7-65C7-A0D1-1CBC-10CDE441BDC8}
		{6FFDE192-4A19-492B-907E-E8FA20A6E651} = {3E64B9ED-078C-4854-AE1D-39AB97328A5A}
	EndGlobalSection
	GlobalSection(ExtensibilityGlobals) = postSolution
		SolutionGuid = {3F10E7A4-A5DE-4682-ABC7-64CD72705D9A}
	EndGlobalSection
EndGlobal
